// !$*UTF8*$!
{
	archiveVersion = 1;
	classes = {
	};
	objectVersion = 77;
	objects = {

/* Begin PBXBuildFile section */
		39B8D07D2D5BADDF005D2E7C /* FirebaseAnalytics in Frameworks */ = {isa = PBXBuildFile; productRef = 39B8D07C2D5BADDF005D2E7C /* FirebaseAnalytics */; };
		39B8D07F2D5BADDF005D2E7C /* FirebaseAnalyticsOnDeviceConversion in Frameworks */ = {isa = PBXBuildFile; productRef = 39B8D07E2D5BADDF005D2E7C /* FirebaseAnalyticsOnDeviceConversion */; };
		39B8D0812D5BADDF005D2E7C /* FirebaseAnalyticsWithoutAdIdSupport in Frameworks */ = {isa = PBXBuildFile; productRef = 39B8D0802D5BADDF005D2E7C /* FirebaseAnalyticsWithoutAdIdSupport */; };
		39B8D0832D5BADDF005D2E7C /* FirebaseAppCheck in Frameworks */ = {isa = PBXBuildFile; productRef = 39B8D0822D5BADDF005D2E7C /* FirebaseAppCheck */; };
		39B8D0852D5BADDF005D2E7C /* FirebaseAppDistribution-Beta in Frameworks */ = {isa = PBXBuildFile; productRef = 39B8D0842D5BADDF005D2E7C /* FirebaseAppDistribution-Beta */; };
		39B8D0872D5BADDF005D2E7C /* FirebaseAuth in Frameworks */ = {isa = PBXBuildFile; productRef = 39B8D0862D5BADDF005D2E7C /* FirebaseAuth */; };
		39B8D0892D5BADDF005D2E7C /* FirebaseAuthCombine-Community in Frameworks */ = {isa = PBXBuildFile; productRef = 39B8D0882D5BADDF005D2E7C /* FirebaseAuthCombine-Community */; };
		39B8D08B2D5BADDF005D2E7C /* FirebaseCore in Frameworks */ = {isa = PBXBuildFile; productRef = 39B8D08A2D5BADDF005D2E7C /* FirebaseCore */; };
		39B8D08D2D5BADDF005D2E7C /* FirebaseCrashlytics in Frameworks */ = {isa = PBXBuildFile; productRef = 39B8D08C2D5BADDF005D2E7C /* FirebaseCrashlytics */; };
		39B8D08F2D5BADDF005D2E7C /* FirebaseDatabase in Frameworks */ = {isa = PBXBuildFile; productRef = 39B8D08E2D5BADDF005D2E7C /* FirebaseDatabase */; };
		39B8D0912D5BADDF005D2E7C /* FirebaseDynamicLinks in Frameworks */ = {isa = PBXBuildFile; productRef = 39B8D0902D5BADDF005D2E7C /* FirebaseDynamicLinks */; };
		39B8D0932D5BADDF005D2E7C /* FirebaseFirestore in Frameworks */ = {isa = PBXBuildFile; productRef = 39B8D0922D5BADDF005D2E7C /* FirebaseFirestore */; };
		39B8D0952D5BADDF005D2E7C /* FirebaseFirestoreCombine-Community in Frameworks */ = {isa = PBXBuildFile; productRef = 39B8D0942D5BADDF005D2E7C /* FirebaseFirestoreCombine-Community */; };
		39B8D0972D5BADDF005D2E7C /* FirebaseFunctions in Frameworks */ = {isa = PBXBuildFile; productRef = 39B8D0962D5BADDF005D2E7C /* FirebaseFunctions */; };
		39B8D0992D5BADDF005D2E7C /* FirebaseFunctionsCombine-Community in Frameworks */ = {isa = PBXBuildFile; productRef = 39B8D0982D5BADDF005D2E7C /* FirebaseFunctionsCombine-Community */; };
		39B8D09B2D5BADDF005D2E7C /* FirebaseInAppMessaging-Beta in Frameworks */ = {isa = PBXBuildFile; productRef = 39B8D09A2D5BADDF005D2E7C /* FirebaseInAppMessaging-Beta */; };
		39B8D09D2D5BADDF005D2E7C /* FirebaseInstallations in Frameworks */ = {isa = PBXBuildFile; productRef = 39B8D09C2D5BADDF005D2E7C /* FirebaseInstallations */; };
		39B8D09F2D5BADDF005D2E7C /* FirebaseMLModelDownloader in Frameworks */ = {isa = PBXBuildFile; productRef = 39B8D09E2D5BADDF005D2E7C /* FirebaseMLModelDownloader */; };
		39B8D0A12D5BADDF005D2E7C /* FirebaseMessaging in Frameworks */ = {isa = PBXBuildFile; productRef = 39B8D0A02D5BADDF005D2E7C /* FirebaseMessaging */; };
		39B8D0A32D5BADDF005D2E7C /* FirebasePerformance in Frameworks */ = {isa = PBXBuildFile; productRef = 39B8D0A22D5BADDF005D2E7C /* FirebasePerformance */; };
		39B8D0A52D5BADDF005D2E7C /* FirebaseRemoteConfig in Frameworks */ = {isa = PBXBuildFile; productRef = 39B8D0A42D5BADDF005D2E7C /* FirebaseRemoteConfig */; };
		39B8D0A72D5BADDF005D2E7C /* FirebaseStorage in Frameworks */ = {isa = PBXBuildFile; productRef = 39B8D0A62D5BADDF005D2E7C /* FirebaseStorage */; };
		39B8D0A92D5BADDF005D2E7C /* FirebaseStorageCombine-Community in Frameworks */ = {isa = PBXBuildFile; productRef = 39B8D0A82D5BADDF005D2E7C /* FirebaseStorageCombine-Community */; };
		39B8D0AB2D5BADDF005D2E7C /* FirebaseVertexAI in Frameworks */ = {isa = PBXBuildFile; productRef = 39B8D0AA2D5BADDF005D2E7C /* FirebaseVertexAI */; };
		39B8D0AD2D5BAE54005D2E7C /* GoogleService-Info.plist in Resources */ = {isa = PBXBuildFile; fileRef = 39B8D0AC2D5BAE54005D2E7C /* GoogleService-Info.plist */; };
/* End PBXBuildFile section */

/* Begin PBXFileReference section */
		39B8D0672D5BA94C005D2E7C /* WalletGymPassApp.app */ = {isa = PBXFileReference; explicitFileType = wrapper.application; includeInIndex = 0; path = WalletGymPassApp.app; sourceTree = BUILT_PRODUCTS_DIR; };
		39B8D0AC2D5BAE54005D2E7C /* GoogleService-Info.plist */ = {isa = PBXFileReference; lastKnownFileType = text.plist.xml; path = "GoogleService-Info.plist"; sourceTree = "<group>"; };
/* End PBXFileReference section */

/* Begin PBXFileSystemSynchronizedRootGroup section */
		39B8D0692D5BA94C005D2E7C /* WalletGymPassApp */ = {
			isa = PBXFileSystemSynchronizedRootGroup;
			path = WalletGymPassApp;
			sourceTree = "<group>";
		};
/* End PBXFileSystemSynchronizedRootGroup section */

/* Begin PBXFrameworksBuildPhase section */
		39B8D0642D5BA94C005D2E7C /* Frameworks */ = {
			isa = PBXFrameworksBuildPhase;
			buildActionMask = 2147483647;
			files = (
				39B8D0952D5BADDF005D2E7C /* FirebaseFirestoreCombine-Community in Frameworks */,
				39B8D0AB2D5BADDF005D2E7C /* FirebaseVertexAI in Frameworks */,
				39B8D0972D5BADDF005D2E7C /* FirebaseFunctions in Frameworks */,
				39B8D0A32D5BADDF005D2E7C /* FirebasePerformance in Frameworks */,
				39B8D0A92D5BADDF005D2E7C /* FirebaseStorageCombine-Community in Frameworks */,
				39B8D0A52D5BADDF005D2E7C /* FirebaseRemoteConfig in Frameworks */,
				39B8D08F2D5BADDF005D2E7C /* FirebaseDatabase in Frameworks */,
				39B8D0912D5BADDF005D2E7C /* FirebaseDynamicLinks in Frameworks */,
				39B8D0832D5BADDF005D2E7C /* FirebaseAppCheck in Frameworks */,
				39B8D0872D5BADDF005D2E7C /* FirebaseAuth in Frameworks */,
				39B8D07D2D5BADDF005D2E7C /* FirebaseAnalytics in Frameworks */,
				39B8D0932D5BADDF005D2E7C /* FirebaseFirestore in Frameworks */,
				39B8D0A12D5BADDF005D2E7C /* FirebaseMessaging in Frameworks */,
				39B8D09D2D5BADDF005D2E7C /* FirebaseInstallations in Frameworks */,
				39B8D0992D5BADDF005D2E7C /* FirebaseFunctionsCombine-Community in Frameworks */,
				39B8D0852D5BADDF005D2E7C /* FirebaseAppDistribution-Beta in Frameworks */,
				39B8D0812D5BADDF005D2E7C /* FirebaseAnalyticsWithoutAdIdSupport in Frameworks */,
				39B8D09B2D5BADDF005D2E7C /* FirebaseInAppMessaging-Beta in Frameworks */,
				39B8D0892D5BADDF005D2E7C /* FirebaseAuthCombine-Community in Frameworks */,
				39B8D08D2D5BADDF005D2E7C /* FirebaseCrashlytics in Frameworks */,
				39B8D09F2D5BADDF005D2E7C /* FirebaseMLModelDownloader in Frameworks */,
				39B8D0A72D5BADDF005D2E7C /* FirebaseStorage in Frameworks */,
				39B8D08B2D5BADDF005D2E7C /* FirebaseCore in Frameworks */,
				39B8D07F2D5BADDF005D2E7C /* FirebaseAnalyticsOnDeviceConversion in Frameworks */,
			);
			runOnlyForDeploymentPostprocessing = 0;
		};
/* End PBXFrameworksBuildPhase section */

/* Begin PBXGroup section */
		39B8D05E2D5BA94C005D2E7C = {
			isa = PBXGroup;
			children = (
				39B8D0692D5BA94C005D2E7C /* WalletGymPassApp */,
				39B8D0682D5BA94C005D2E7C /* Products */,
				39B8D0AC2D5BAE54005D2E7C /* GoogleService-Info.plist */,
			);
			sourceTree = "<group>";
		};
		39B8D0682D5BA94C005D2E7C /* Products */ = {
			isa = PBXGroup;
			children = (
				39B8D0672D5BA94C005D2E7C /* WalletGymPassApp.app */,
			);
			name = Products;
			sourceTree = "<group>";
		};
/* End PBXGroup section */

/* Begin PBXNativeTarget section */
		39B8D0662D5BA94C005D2E7C /* WalletGymPassApp */ = {
			isa = PBXNativeTarget;
			buildConfigurationList = 39B8D0772D5BA94D005D2E7C /* Build configuration list for PBXNativeTarget "WalletGymPassApp" */;
			buildPhases = (
				39B8D0632D5BA94C005D2E7C /* Sources */,
				39B8D0642D5BA94C005D2E7C /* Frameworks */,
				39B8D0652D5BA94C005D2E7C /* Resources */,
			);
			buildRules = (
			);
			dependencies = (
			);
			fileSystemSynchronizedGroups = (
				39B8D0692D5BA94C005D2E7C /* WalletGymPassApp */,
			);
			name = WalletGymPassApp;
			packageProductDependencies = (
				39B8D07C2D5BADDF005D2E7C /* FirebaseAnalytics */,
				39B8D07E2D5BADDF005D2E7C /* FirebaseAnalyticsOnDeviceConversion */,
				39B8D0802D5BADDF005D2E7C /* FirebaseAnalyticsWithoutAdIdSupport */,
				39B8D0822D5BADDF005D2E7C /* FirebaseAppCheck */,
				39B8D0842D5BADDF005D2E7C /* FirebaseAppDistribution-Beta */,
				39B8D0862D5BADDF005D2E7C /* FirebaseAuth */,
				39B8D0882D5BADDF005D2E7C /* FirebaseAuthCombine-Community */,
				39B8D08A2D5BADDF005D2E7C /* FirebaseCore */,
				39B8D08C2D5BADDF005D2E7C /* FirebaseCrashlytics */,
				39B8D08E2D5BADDF005D2E7C /* FirebaseDatabase */,
				39B8D0902D5BADDF005D2E7C /* FirebaseDynamicLinks */,
				39B8D0922D5BADDF005D2E7C /* FirebaseFirestore */,
				39B8D0942D5BADDF005D2E7C /* FirebaseFirestoreCombine-Community */,
				39B8D0962D5BADDF005D2E7C /* FirebaseFunctions */,
				39B8D0982D5BADDF005D2E7C /* FirebaseFunctionsCombine-Community */,
				39B8D09A2D5BADDF005D2E7C /* FirebaseInAppMessaging-Beta */,
				39B8D09C2D5BADDF005D2E7C /* FirebaseInstallations */,
				39B8D09E2D5BADDF005D2E7C /* FirebaseMLModelDownloader */,
				39B8D0A02D5BADDF005D2E7C /* FirebaseMessaging */,
				39B8D0A22D5BADDF005D2E7C /* FirebasePerformance */,
				39B8D0A42D5BADDF005D2E7C /* FirebaseRemoteConfig */,
				39B8D0A62D5BADDF005D2E7C /* FirebaseStorage */,
				39B8D0A82D5BADDF005D2E7C /* FirebaseStorageCombine-Community */,
				39B8D0AA2D5BADDF005D2E7C /* FirebaseVertexAI */,
			);
			productName = WalletGymPassApp;
			productReference = 39B8D0672D5BA94C005D2E7C /* WalletGymPassApp.app */;
			productType = "com.apple.product-type.application";
		};
/* End PBXNativeTarget section */

/* Begin PBXProject section */
		39B8D05F2D5BA94C005D2E7C /* Project object */ = {
			isa = PBXProject;
			attributes = {
				BuildIndependentTargetsInParallel = 1;
				LastSwiftUpdateCheck = 1620;
				LastUpgradeCheck = 1620;
				TargetAttributes = {
					39B8D0662D5BA94C005D2E7C = {
						CreatedOnToolsVersion = 16.2;
					};
				};
			};
			buildConfigurationList = 39B8D0622D5BA94C005D2E7C /* Build configuration list for PBXProject "WalletGymPassApp" */;
			developmentRegion = en;
			hasScannedForEncodings = 0;
			knownRegions = (
				en,
				Base,
			);
			mainGroup = 39B8D05E2D5BA94C005D2E7C;
			minimizedProjectReferenceProxies = 1;
			packageReferences = (
				39B8D07B2D5BADDF005D2E7C /* XCRemoteSwiftPackageReference "firebase-ios-sdk" */,
			);
			preferredProjectObjectVersion = 77;
			productRefGroup = 39B8D0682D5BA94C005D2E7C /* Products */;
			projectDirPath = "";
			projectRoot = "";
			targets = (
				39B8D0662D5BA94C005D2E7C /* WalletGymPassApp */,
			);
		};
/* End PBXProject section */

/* Begin PBXResourcesBuildPhase section */
		39B8D0652D5BA94C005D2E7C /* Resources */ = {
			isa = PBXResourcesBuildPhase;
			buildActionMask = 2147483647;
			files = (
				39B8D0AD2D5BAE54005D2E7C /* GoogleService-Info.plist in Resources */,
			);
			runOnlyForDeploymentPostprocessing = 0;
		};
/* End PBXResourcesBuildPhase section */

/* Begin PBXSourcesBuildPhase section */
		39B8D0632D5BA94C005D2E7C /* Sources */ = {
			isa = PBXSourcesBuildPhase;
			buildActionMask = 2147483647;
			files = (
			);
			runOnlyForDeploymentPostprocessing = 0;
		};
/* End PBXSourcesBuildPhase section */

/* Begin XCBuildConfiguration section */
		39B8D0752D5BA94D005D2E7C /* Debug */ = {
			isa = XCBuildConfiguration;
			buildSettings = {
				ALWAYS_SEARCH_USER_PATHS = NO;
				ASSETCATALOG_COMPILER_GENERATE_SWIFT_ASSET_SYMBOL_EXTENSIONS = YES;
				CLANG_ANALYZER_NONNULL = YES;
				CLANG_ANALYZER_NUMBER_OBJECT_CONVERSION = YES_AGGRESSIVE;
				CLANG_CXX_LANGUAGE_STANDARD = "gnu++20";
				CLANG_ENABLE_MODULES = YES;
				CLANG_ENABLE_OBJC_ARC = YES;
				CLANG_ENABLE_OBJC_WEAK = YES;
				CLANG_WARN_BLOCK_CAPTURE_AUTORELEASING = YES;
				CLANG_WARN_BOOL_CONVERSION = YES;
				CLANG_WARN_COMMA = YES;
				CLANG_WARN_CONSTANT_CONVERSION = YES;
				CLANG_WARN_DEPRECATED_OBJC_IMPLEMENTATIONS = YES;
				CLANG_WARN_DIRECT_OBJC_ISA_USAGE = YES_ERROR;
				CLANG_WARN_DOCUMENTATION_COMMENTS = YES;
				CLANG_WARN_EMPTY_BODY = YES;
				CLANG_WARN_ENUM_CONVERSION = YES;
				CLANG_WARN_INFINITE_RECURSION = YES;
				CLANG_WARN_INT_CONVERSION = YES;
				CLANG_WARN_NON_LITERAL_NULL_CONVERSION = YES;
				CLANG_WARN_OBJC_IMPLICIT_RETAIN_SELF = YES;
				CLANG_WARN_OBJC_LITERAL_CONVERSION = YES;
				CLANG_WARN_OBJC_ROOT_CLASS = YES_ERROR;
				CLANG_WARN_QUOTED_INCLUDE_IN_FRAMEWORK_HEADER = YES;
				CLANG_WARN_RANGE_LOOP_ANALYSIS = YES;
				CLANG_WARN_STRICT_PROTOTYPES = YES;
				CLANG_WARN_SUSPICIOUS_MOVE = YES;
				CLANG_WARN_UNGUARDED_AVAILABILITY = YES_AGGRESSIVE;
				CLANG_WARN_UNREACHABLE_CODE = YES;
				CLANG_WARN__DUPLICATE_METHOD_MATCH = YES;
				COPY_PHASE_STRIP = NO;
				DEBUG_INFORMATION_FORMAT = dwarf;
				ENABLE_STRICT_OBJC_MSGSEND = YES;
				ENABLE_TESTABILITY = YES;
				ENABLE_USER_SCRIPT_SANDBOXING = YES;
				GCC_C_LANGUAGE_STANDARD = gnu17;
				GCC_DYNAMIC_NO_PIC = NO;
				GCC_NO_COMMON_BLOCKS = YES;
				GCC_OPTIMIZATION_LEVEL = 0;
				GCC_PREPROCESSOR_DEFINITIONS = (
					"DEBUG=1",
					"$(inherited)",
				);
				GCC_WARN_64_TO_32_BIT_CONVERSION = YES;
				GCC_WARN_ABOUT_RETURN_TYPE = YES_ERROR;
				GCC_WARN_UNDECLARED_SELECTOR = YES;
				GCC_WARN_UNINITIALIZED_AUTOS = YES_AGGRESSIVE;
				GCC_WARN_UNUSED_FUNCTION = YES;
				GCC_WARN_UNUSED_VARIABLE = YES;
				IPHONEOS_DEPLOYMENT_TARGET = 18.2;
				LOCALIZATION_PREFERS_STRING_CATALOGS = YES;
				MTL_ENABLE_DEBUG_INFO = INCLUDE_SOURCE;
				MTL_FAST_MATH = YES;
				ONLY_ACTIVE_ARCH = YES;
				SDKROOT = iphoneos;
				SWIFT_ACTIVE_COMPILATION_CONDITIONS = "DEBUG $(inherited)";
				SWIFT_OPTIMIZATION_LEVEL = "-Onone";
			};
			name = Debug;
		};
		39B8D0762D5BA94D005D2E7C /* Release */ = {
			isa = XCBuildConfiguration;
			buildSettings = {
				ALWAYS_SEARCH_USER_PATHS = NO;
				ASSETCATALOG_COMPILER_GENERATE_SWIFT_ASSET_SYMBOL_EXTENSIONS = YES;
				CLANG_ANALYZER_NONNULL = YES;
				CLANG_ANALYZER_NUMBER_OBJECT_CONVERSION = YES_AGGRESSIVE;
				CLANG_CXX_LANGUAGE_STANDARD = "gnu++20";
				CLANG_ENABLE_MODULES = YES;
				CLANG_ENABLE_OBJC_ARC = YES;
				CLANG_ENABLE_OBJC_WEAK = YES;
				CLANG_WARN_BLOCK_CAPTURE_AUTORELEASING = YES;
				CLANG_WARN_BOOL_CONVERSION = YES;
				CLANG_WARN_COMMA = YES;
				CLANG_WARN_CONSTANT_CONVERSION = YES;
				CLANG_WARN_DEPRECATED_OBJC_IMPLEMENTATIONS = YES;
				CLANG_WARN_DIRECT_OBJC_ISA_USAGE = YES_ERROR;
				CLANG_WARN_DOCUMENTATION_COMMENTS = YES;
				CLANG_WARN_EMPTY_BODY = YES;
				CLANG_WARN_ENUM_CONVERSION = YES;
				CLANG_WARN_INFINITE_RECURSION = YES;
				CLANG_WARN_INT_CONVERSION = YES;
				CLANG_WARN_NON_LITERAL_NULL_CONVERSION = YES;
				CLANG_WARN_OBJC_IMPLICIT_RETAIN_SELF = YES;
				CLANG_WARN_OBJC_LITERAL_CONVERSION = YES;
				CLANG_WARN_OBJC_ROOT_CLASS = YES_ERROR;
				CLANG_WARN_QUOTED_INCLUDE_IN_FRAMEWORK_HEADER = YES;
				CLANG_WARN_RANGE_LOOP_ANALYSIS = YES;
				CLANG_WARN_STRICT_PROTOTYPES = YES;
				CLANG_WARN_SUSPICIOUS_MOVE = YES;
				CLANG_WARN_UNGUARDED_AVAILABILITY = YES_AGGRESSIVE;
				CLANG_WARN_UNREACHABLE_CODE = YES;
				CLANG_WARN__DUPLICATE_METHOD_MATCH = YES;
				COPY_PHASE_STRIP = NO;
				DEBUG_INFORMATION_FORMAT = "dwarf-with-dsym";
				ENABLE_NS_ASSERTIONS = NO;
				ENABLE_STRICT_OBJC_MSGSEND = YES;
				ENABLE_USER_SCRIPT_SANDBOXING = YES;
				GCC_C_LANGUAGE_STANDARD = gnu17;
				GCC_NO_COMMON_BLOCKS = YES;
				GCC_WARN_64_TO_32_BIT_CONVERSION = YES;
				GCC_WARN_ABOUT_RETURN_TYPE = YES_ERROR;
				GCC_WARN_UNDECLARED_SELECTOR = YES;
				GCC_WARN_UNINITIALIZED_AUTOS = YES_AGGRESSIVE;
				GCC_WARN_UNUSED_FUNCTION = YES;
				GCC_WARN_UNUSED_VARIABLE = YES;
				IPHONEOS_DEPLOYMENT_TARGET = 18.2;
				LOCALIZATION_PREFERS_STRING_CATALOGS = YES;
				MTL_ENABLE_DEBUG_INFO = NO;
				MTL_FAST_MATH = YES;
				SDKROOT = iphoneos;
				SWIFT_COMPILATION_MODE = wholemodule;
				VALIDATE_PRODUCT = YES;
			};
			name = Release;
		};
		39B8D0782D5BA94D005D2E7C /* Debug */ = {
			isa = XCBuildConfiguration;
			buildSettings = {
				ASSETCATALOG_COMPILER_APPICON_NAME = AppIcon;
				ASSETCATALOG_COMPILER_GLOBAL_ACCENT_COLOR_NAME = AccentColor;
				CODE_SIGN_ENTITLEMENTS = WalletGymPassApp/WalletGymPassApp.entitlements;
				CODE_SIGN_STYLE = Automatic;
				CURRENT_PROJECT_VERSION = 1;
				DEVELOPMENT_ASSET_PATHS = "\"WalletGymPassApp/Preview Content\"";
				DEVELOPMENT_TEAM = 2Y2J8H2C3F;
				ENABLE_PREVIEWS = YES;
				GENERATE_INFOPLIST_FILE = YES;
				INFOPLIST_KEY_UIApplicationSceneManifest_Generation = YES;
				INFOPLIST_KEY_UIApplicationSupportsIndirectInputEvents = YES;
				INFOPLIST_KEY_UILaunchScreen_Generation = YES;
				INFOPLIST_KEY_UISupportedInterfaceOrientations_iPad = "UIInterfaceOrientationPortrait UIInterfaceOrientationPortraitUpsideDown UIInterfaceOrientationLandscapeLeft UIInterfaceOrientationLandscapeRight";
				INFOPLIST_KEY_UISupportedInterfaceOrientations_iPhone = "UIInterfaceOrientationPortrait UIInterfaceOrientationLandscapeLeft UIInterfaceOrientationLandscapeRight";
				LD_RUNPATH_SEARCH_PATHS = (
					"$(inherited)",
					"@executable_path/Frameworks",
				);
				MARKETING_VERSION = 1.0;
				PRODUCT_BUNDLE_IDENTIFIER = Harry.WalletGymPassApp;
				PRODUCT_NAME = "$(TARGET_NAME)";
				SWIFT_EMIT_LOC_STRINGS = YES;
				SWIFT_VERSION = 5.0;
				TARGETED_DEVICE_FAMILY = "1,2";
			};
			name = Debug;
		};
		39B8D0792D5BA94D005D2E7C /* Release */ = {
			isa = XCBuildConfiguration;
			buildSettings = {
				ASSETCATALOG_COMPILER_APPICON_NAME = AppIcon;
				ASSETCATALOG_COMPILER_GLOBAL_ACCENT_COLOR_NAME = AccentColor;
				CODE_SIGN_ENTITLEMENTS = WalletGymPassApp/WalletGymPassApp.entitlements;
				CODE_SIGN_STYLE = Automatic;
				CURRENT_PROJECT_VERSION = 1;
				DEVELOPMENT_ASSET_PATHS = "\"WalletGymPassApp/Preview Content\"";
				DEVELOPMENT_TEAM = 2Y2J8H2C3F;
				ENABLE_PREVIEWS = YES;
				GENERATE_INFOPLIST_FILE = YES;
				INFOPLIST_KEY_UIApplicationSceneManifest_Generation = YES;
				INFOPLIST_KEY_UIApplicationSupportsIndirectInputEvents = YES;
				INFOPLIST_KEY_UILaunchScreen_Generation = YES;
				INFOPLIST_KEY_UISupportedInterfaceOrientations_iPad = "UIInterfaceOrientationPortrait UIInterfaceOrientationPortraitUpsideDown UIInterfaceOrientationLandscapeLeft UIInterfaceOrientationLandscapeRight";
				INFOPLIST_KEY_UISupportedInterfaceOrientations_iPhone = "UIInterfaceOrientationPortrait UIInterfaceOrientationLandscapeLeft UIInterfaceOrientationLandscapeRight";
				LD_RUNPATH_SEARCH_PATHS = (
					"$(inherited)",
					"@executable_path/Frameworks",
				);
				MARKETING_VERSION = 1.0;
				PRODUCT_BUNDLE_IDENTIFIER = Harry.WalletGymPassApp;
				PRODUCT_NAME = "$(TARGET_NAME)";
				SWIFT_EMIT_LOC_STRINGS = YES;
				SWIFT_VERSION = 5.0;
				TARGETED_DEVICE_FAMILY = "1,2";
			};
			name = Release;
		};
/* End XCBuildConfiguration section */

/* Begin XCConfigurationList section */
		39B8D0622D5BA94C005D2E7C /* Build configuration list for PBXProject "WalletGymPassApp" */ = {
			isa = XCConfigurationList;
			buildConfigurations = (
				39B8D0752D5BA94D005D2E7C /* Debug */,
				39B8D0762D5BA94D005D2E7C /* Release */,
			);
			defaultConfigurationIsVisible = 0;
			defaultConfigurationName = Release;
		};
		39B8D0772D5BA94D005D2E7C /* Build configuration list for PBXNativeTarget "WalletGymPassApp" */ = {
			isa = XCConfigurationList;
			buildConfigurations = (
				39B8D0782D5BA94D005D2E7C /* Debug */,
				39B8D0792D5BA94D005D2E7C /* Release */,
			);
			defaultConfigurationIsVisible = 0;
			defaultConfigurationName = Release;
		};
/* End XCConfigurationList section */

/* Begin XCRemoteSwiftPackageReference section */
		39B8D07B2D5BADDF005D2E7C /* XCRemoteSwiftPackageReference "firebase-ios-sdk" */ = {
			isa = XCRemoteSwiftPackageReference;
			repositoryURL = "https://github.com/firebase/firebase-ios-sdk";
			requirement = {
				kind = upToNextMajorVersion;
				minimumVersion = 11.8.1;
			};
		};
/* End XCRemoteSwiftPackageReference section */

/* Begin XCSwiftPackageProductDependency section */
		39B8D07C2D5BADDF005D2E7C /* FirebaseAnalytics */ = {
			isa = XCSwiftPackageProductDependency;
			package = 39B8D07B2D5BADDF005D2E7C /* XCRemoteSwiftPackageReference "firebase-ios-sdk" */;
			productName = FirebaseAnalytics;
		};
		39B8D07E2D5BADDF005D2E7C /* FirebaseAnalyticsOnDeviceConversion */ = {
			isa = XCSwiftPackageProductDependency;
			package = 39B8D07B2D5BADDF005D2E7C /* XCRemoteSwiftPackageReference "firebase-ios-sdk" */;
			productName = FirebaseAnalyticsOnDeviceConversion;
		};
		39B8D0802D5BADDF005D2E7C /* FirebaseAnalyticsWithoutAdIdSupport */ = {
			isa = XCSwiftPackageProductDependency;
			package = 39B8D07B2D5BADDF005D2E7C /* XCRemoteSwiftPackageReference "firebase-ios-sdk" */;
			productName = FirebaseAnalyticsWithoutAdIdSupport;
		};
		39B8D0822D5BADDF005D2E7C /* FirebaseAppCheck */ = {
			isa = XCSwiftPackageProductDependency;
			package = 39B8D07B2D5BADDF005D2E7C /* XCRemoteSwiftPackageReference "firebase-ios-sdk" */;
			productName = FirebaseAppCheck;
		};
		39B8D0842D5BADDF005D2E7C /* FirebaseAppDistribution-Beta */ = {
			isa = XCSwiftPackageProductDependency;
			package = 39B8D07B2D5BADDF005D2E7C /* XCRemoteSwiftPackageReference "firebase-ios-sdk" */;
			productName = "FirebaseAppDistribution-Beta";
		};
		39B8D0862D5BADDF005D2E7C /* FirebaseAuth */ = {
			isa = XCSwiftPackageProductDependency;
			package = 39B8D07B2D5BADDF005D2E7C /* XCRemoteSwiftPackageReference "firebase-ios-sdk" */;
			productName = FirebaseAuth;
		};
		39B8D0882D5BADDF005D2E7C /* FirebaseAuthCombine-Community */ = {
			isa = XCSwiftPackageProductDependency;
			package = 39B8D07B2D5BADDF005D2E7C /* XCRemoteSwiftPackageReference "firebase-ios-sdk" */;
			productName = "FirebaseAuthCombine-Community";
		};
		39B8D08A2D5BADDF005D2E7C /* FirebaseCore */ = {
			isa = XCSwiftPackageProductDependency;
			package = 39B8D07B2D5BADDF005D2E7C /* XCRemoteSwiftPackageReference "firebase-ios-sdk" */;
			productName = FirebaseCore;
		};
		39B8D08C2D5BADDF005D2E7C /* FirebaseCrashlytics */ = {
			isa = XCSwiftPackageProductDependency;
			package = 39B8D07B2D5BADDF005D2E7C /* XCRemoteSwiftPackageReference "firebase-ios-sdk" */;
			productName = FirebaseCrashlytics;
		};
		39B8D08E2D5BADDF005D2E7C /* FirebaseDatabase */ = {
			isa = XCSwiftPackageProductDependency;
			package = 39B8D07B2D5BADDF005D2E7C /* XCRemoteSwiftPackageReference "firebase-ios-sdk" */;
			productName = FirebaseDatabase;
		};
		39B8D0902D5BADDF005D2E7C /* FirebaseDynamicLinks */ = {
			isa = XCSwiftPackageProductDependency;
			package = 39B8D07B2D5BADDF005D2E7C /* XCRemoteSwiftPackageReference "firebase-ios-sdk" */;
			productName = FirebaseDynamicLinks;
		};
		39B8D0922D5BADDF005D2E7C /* FirebaseFirestore */ = {
			isa = XCSwiftPackageProductDependency;
			package = 39B8D07B2D5BADDF005D2E7C /* XCRemoteSwiftPackageReference "firebase-ios-sdk" */;
			productName = FirebaseFirestore;
		};
		39B8D0942D5BADDF005D2E7C /* FirebaseFirestoreCombine-Community */ = {
			isa = XCSwiftPackageProductDependency;
			package = 39B8D07B2D5BADDF005D2E7C /* XCRemoteSwiftPackageReference "firebase-ios-sdk" */;
			productName = "FirebaseFirestoreCombine-Community";
		};
		39B8D0962D5BADDF005D2E7C /* FirebaseFunctions */ = {
			isa = XCSwiftPackageProductDependency;
			package = 39B8D07B2D5BADDF005D2E7C /* XCRemoteSwiftPackageReference "firebase-ios-sdk" */;
			productName = FirebaseFunctions;
		};
		39B8D0982D5BADDF005D2E7C /* FirebaseFunctionsCombine-Community */ = {
			isa = XCSwiftPackageProductDependency;
			package = 39B8D07B2D5BADDF005D2E7C /* XCRemoteSwiftPackageReference "firebase-ios-sdk" */;
			productName = "FirebaseFunctionsCombine-Community";
		};
		39B8D09A2D5BADDF005D2E7C /* FirebaseInAppMessaging-Beta */ = {
			isa = XCSwiftPackageProductDependency;
			package = 39B8D07B2D5BADDF005D2E7C /* XCRemoteSwiftPackageReference "firebase-ios-sdk" */;
			productName = "FirebaseInAppMessaging-Beta";
		};
		39B8D09C2D5BADDF005D2E7C /* FirebaseInstallations */ = {
			isa = XCSwiftPackageProductDependency;
			package = 39B8D07B2D5BADDF005D2E7C /* XCRemoteSwiftPackageReference "firebase-ios-sdk" */;
			productName = FirebaseInstallations;
		};
		39B8D09E2D5BADDF005D2E7C /* FirebaseMLModelDownloader */ = {
			isa = XCSwiftPackageProductDependency;
			package = 39B8D07B2D5BADDF005D2E7C /* XCRemoteSwiftPackageReference "firebase-ios-sdk" */;
			productName = FirebaseMLModelDownloader;
		};
		39B8D0A02D5BADDF005D2E7C /* FirebaseMessaging */ = {
			isa = XCSwiftPackageProductDependency;
			package = 39B8D07B2D5BADDF005D2E7C /* XCRemoteSwiftPackageReference "firebase-ios-sdk" */;
			productName = FirebaseMessaging;
		};
		39B8D0A22D5BADDF005D2E7C /* FirebasePerformance */ = {
			isa = XCSwiftPackageProductDependency;
			package = 39B8D07B2D5BADDF005D2E7C /* XCRemoteSwiftPackageReference "firebase-ios-sdk" */;
			productName = FirebasePerformance;
		};
		39B8D0A42D5BADDF005D2E7C /* FirebaseRemoteConfig */ = {
			isa = XCSwiftPackageProductDependency;
			package = 39B8D07B2D5BADDF005D2E7C /* XCRemoteSwiftPackageReference "firebase-ios-sdk" */;
			productName = FirebaseRemoteConfig;
		};
		39B8D0A62D5BADDF005D2E7C /* FirebaseStorage */ = {
			isa = XCSwiftPackageProductDependency;
			package = 39B8D07B2D5BADDF005D2E7C /* XCRemoteSwiftPackageReference "firebase-ios-sdk" */;
			productName = FirebaseStorage;
		};
		39B8D0A82D5BADDF005D2E7C /* FirebaseStorageCombine-Community */ = {
			isa = XCSwiftPackageProductDependency;
			package = 39B8D07B2D5BADDF005D2E7C /* XCRemoteSwiftPackageReference "firebase-ios-sdk" */;
			productName = "FirebaseStorageCombine-Community";
		};
		39B8D0AA2D5BADDF005D2E7C /* FirebaseVertexAI */ = {
			isa = XCSwiftPackageProductDependency;
			package = 39B8D07B2D5BADDF005D2E7C /* XCRemoteSwiftPackageReference "firebase-ios-sdk" */;
			productName = FirebaseVertexAI;
		};
/* End XCSwiftPackageProductDependency section */
	};
	rootObject = 39B8D05F2D5BA94C005D2E7C /* Project object */;
}
